
Microsoft Visual Studio Solution File, Format Version 12.00
# Visual Studio Version 16
VisualStudioVersion = 16.0.31424.327
MinimumVisualStudioVersion = 10.0.40219.1
Project("{FAE04EC0-301F-11D3-BF4B-00C04F79EFBC}") = "EXEMPLO_01", "EXEMPLO_01\EXEMPLO_01.csproj", "{502C3E44-5A16-4B45-9D66-D33F139A0060}"
EndProject
Project("{FAE04EC0-301F-11D3-BF4B-00C04F79EFBC}") = "EXEMPLO_02_SERVER", "EXEMPLO_02_SERVER\EXEMPLO_02_SERVER.csproj", "{652F2859-5D66-4322-A806-2F40F706C2CE}"
EndProject
Project("{FAE04EC0-301F-11D3-BF4B-00C04F79EFBC}") = "EXEMPLO_02_CLIENT", "EXEMPLO_02_CLIENT\EXEMPLO_02_CLIENT.csproj", "{6A84E4EF-A048-438A-912B-3586C783D8E6}"
EndProject
Project("{FAE04EC0-301F-11D3-BF4B-00C04F79EFBC}") = "RedeTCPChat", "RedeTCPChat\RedeTCPChat.csproj", "{5A3DC1E5-1327-4B78-B457-48B7BF406D54}"
EndProject
Project("{FAE04EC0-301F-11D3-BF4B-00C04F79EFBC}") = "EXEMPLO_03_UDP_CLIENT", "EXEMPLO_03_UDP_CLIENT\EXEMPLO_03_UDP_CLIENT.csproj", "{042CEFB7-814F-4671-BA15-EF64D40406F7}"
EndProject
Project("{FAE04EC0-301F-11D3-BF4B-00C04F79EFBC}") = "EXEMPLO_03_UDP_SERVER", "EXEMPLO_03_UDP_SERVER\EXEMPLO_03_UDP_SERVER.csproj", "{7398AF90-CC96-47CE-B867-426515BE2633}"
EndProject
Global
	GlobalSection(SolutionConfigurationPlatforms) = preSolution
		Debug|Any CPU = Debug|Any CPU
		Release|Any CPU = Release|Any CPU
	EndGlobalSection
	GlobalSection(ProjectConfigurationPlatforms) = postSolution
		{502C3E44-5A16-4B45-9D66-D33F139A0060}.Debug|Any CPU.ActiveCfg = Debug|Any CPU
		{502C3E44-5A16-4B45-9D66-D33F139A0060}.Debug|Any CPU.Build.0 = Debug|Any CPU
		{502C3E44-5A16-4B45-9D66-D33F139A0060}.Release|Any CPU.ActiveCfg = Release|Any CPU
		{502C3E44-5A16-4B45-9D66-D33F139A0060}.Release|Any CPU.Build.0 = Release|Any CPU
		{652F2859-5D66-4322-A806-2F40F706C2CE}.Debug|Any CPU.ActiveCfg = Debug|Any CPU
		{652F2859-5D66-4322-A806-2F40F706C2CE}.Debug|Any CPU.Build.0 = Debug|Any CPU
		{652F2859-5D66-4322-A806-2F40F706C2CE}.Release|Any CPU.ActiveCfg = Release|Any CPU
		{652F2859-5D66-4322-A806-2F40F706C2CE}.Release|Any CPU.Build.0 = Release|Any CPU
		{6A84E4EF-A048-438A-912B-3586C783D8E6}.Debug|Any CPU.ActiveCfg = Debug|Any CPU
		{6A84E4EF-A048-438A-912B-3586C783D8E6}.Debug|Any CPU.Build.0 = Debug|Any CPU
		{6A84E4EF-A048-438A-912B-3586C783D8E6}.Release|Any CPU.ActiveCfg = Release|Any CPU
		{6A84E4EF-A048-438A-912B-3586C783D8E6}.Release|Any CPU.Build.0 = Release|Any CPU
		{5A3DC1E5-1327-4B78-B457-48B7BF406D54}.Debug|Any CPU.ActiveCfg = Debug|Any CPU
		{5A3DC1E5-1327-4B78-B457-48B7BF406D54}.Debug|Any CPU.Build.0 = Debug|Any CPU
		{5A3DC1E5-1327-4B78-B457-48B7BF406D54}.Release|Any CPU.ActiveCfg = Release|Any CPU
		{5A3DC1E5-1327-4B78-B457-48B7BF406D54}.Release|Any CPU.Build.0 = Release|Any CPU
		{042CEFB7-814F-4671-BA15-EF64D40406F7}.Debug|Any CPU.ActiveCfg = Debug|Any CPU
		{042CEFB7-814F-4671-BA15-EF64D40406F7}.Debug|Any CPU.Build.0 = Debug|Any CPU
		{042CEFB7-814F-4671-BA15-EF64D40406F7}.Release|Any CPU.ActiveCfg = Release|Any CPU
		{042CEFB7-814F-4671-BA15-EF64D40406F7}.Release|Any CPU.Build.0 = Release|Any CPU
		{7398AF90-CC96-47CE-B867-426515BE2633}.Debug|Any CPU.ActiveCfg = Debug|Any CPU
		{7398AF90-CC96-47CE-B867-426515BE2633}.Debug|Any CPU.Build.0 = Debug|Any CPU
		{7398AF90-CC96-47CE-B867-426515BE2633}.Release|Any CPU.ActiveCfg = Release|Any CPU
		{7398AF90-CC96-47CE-B867-426515BE2633}.Release|Any CPU.Build.0 = Release|Any CPU
	EndGlobalSection
	GlobalSection(SolutionProperties) = preSolution
		HideSolutionNode = FALSE
	EndGlobalSection
	GlobalSection(ExtensibilityGlobals) = postSolution
		SolutionGuid = {B7483C3A-4450-488B-B933-60198DB58696}
	EndGlobalSection
EndGlobal
